
Microsoft Visual Studio Solution File, Format Version 12.00
# Visual Studio Version 16
VisualStudioVersion = 16.0.31702.278
MinimumVisualStudioVersion = 10.0.40219.1
Project("{FAE04EC0-301F-11D3-BF4B-00C04F79EFBC}") = "CadastroTitulo", "CadastroTitulo.csproj", "{204322D2-1CAD-4283-A9C3-57D704403049}"
EndProject
Project("{FAE04EC0-301F-11D3-BF4B-00C04F79EFBC}") = "Aplicacao", "..\Aplicacao\Aplicacao.csproj", "{F5BB1B59-8EB6-4331-8090-255B2C89165F}"
EndProject
Project("{FAE04EC0-301F-11D3-BF4B-00C04F79EFBC}") = "Repositorio", "..\Repositorio\Repositorio.csproj", "{116DC094-B694-4655-9304-46B95B3D840A}"
EndProject
Global
	GlobalSection(SolutionConfigurationPlatforms) = preSolution
		Debug|Any CPU = Debug|Any CPU
		Release|Any CPU = Release|Any CPU
	EndGlobalSection
	GlobalSection(ProjectConfigurationPlatforms) = postSolution
		{204322D2-1CAD-4283-A9C3-57D704403049}.Debug|Any CPU.ActiveCfg = Debug|Any CPU
		{204322D2-1CAD-4283-A9C3-57D704403049}.Debug|Any CPU.Build.0 = Debug|Any CPU
		{204322D2-1CAD-4283-A9C3-57D704403049}.Release|Any CPU.ActiveCfg = Release|Any CPU
		{204322D2-1CAD-4283-A9C3-57D704403049}.Release|Any CPU.Build.0 = Release|Any CPU
		{F5BB1B59-8EB6-4331-8090-255B2C89165F}.Debug|Any CPU.ActiveCfg = Debug|Any CPU
		{F5BB1B59-8EB6-4331-8090-255B2C89165F}.Debug|Any CPU.Build.0 = Debug|Any CPU
		{F5BB1B59-8EB6-4331-8090-255B2C89165F}.Release|Any CPU.ActiveCfg = Release|Any CPU
		{F5BB1B59-8EB6-4331-8090-255B2C89165F}.Release|Any CPU.Build.0 = Release|Any CPU
		{116DC094-B694-4655-9304-46B95B3D840A}.Debug|Any CPU.ActiveCfg = Debug|Any CPU
		{116DC094-B694-4655-9304-46B95B3D840A}.Debug|Any CPU.Build.0 = Debug|Any CPU
		{116DC094-B694-4655-9304-46B95B3D840A}.Release|Any CPU.ActiveCfg = Release|Any CPU
		{116DC094-B694-4655-9304-46B95B3D840A}.Release|Any CPU.Build.0 = Release|Any CPU
	EndGlobalSection
	GlobalSection(SolutionProperties) = preSolution
		HideSolutionNode = FALSE
	EndGlobalSection
	GlobalSection(ExtensibilityGlobals) = postSolution
		SolutionGuid = {DFDDAB10-1E4F-4CFD-B3C9-DC848A8F550D}
	EndGlobalSection
EndGlobal
